// !$*UTF8*$!
{
	archiveVersion = 1;
	classes = {
	};
	objectVersion = 46;
	objects = {

/* Begin PBXBuildFile section */
		9670FC401C2ABD47003D55D7 /* AppDelegate.swift in Sources */ = {isa = PBXBuildFile; fileRef = 9670FC3F1C2ABD47003D55D7 /* AppDelegate.swift */; };
		9670FC421C2ABD47003D55D7 /* ViewController.swift in Sources */ = {isa = PBXBuildFile; fileRef = 9670FC411C2ABD47003D55D7 /* ViewController.swift */; };
		9670FC451C2ABD47003D55D7 /* Main.storyboard in Resources */ = {isa = PBXBuildFile; fileRef = 9670FC431C2ABD47003D55D7 /* Main.storyboard */; };
		9670FC471C2ABD47003D55D7 /* Assets.xcassets in Resources */ = {isa = PBXBuildFile; fileRef = 9670FC461C2ABD47003D55D7 /* Assets.xcassets */; };
		9670FC4A1C2ABD47003D55D7 /* LaunchScreen.storyboard in Resources */ = {isa = PBXBuildFile; fileRef = 9670FC481C2ABD47003D55D7 /* LaunchScreen.storyboard */; };
/* End PBXBuildFile section */

/* Begin PBXFileReference section */
		9670FC3C1C2ABD47003D55D7 /* Project15.app */ = {isa = PBXFileReference; explicitFileType = wrapper.application; includeInIndex = 0; path = Project15.app; sourceTree = BUILT_PRODUCTS_DIR; };
		9670FC3F1C2ABD47003D55D7 /* AppDelegate.swift */ = {isa = PBXFileReference; lastKnownFileType = sourcecode.swift; path = AppDelegate.swift; sourceTree = "<group>"; };
		9670FC411C2ABD47003D55D7 /* ViewController.swift */ = {isa = PBXFileReference; lastKnownFileType = sourcecode.swift; path = ViewController.swift; sourceTree = "<group>"; };
		9670FC441C2ABD47003D55D7 /* Base */ = {isa = PBXFileReference; lastKnownFileType = file.storyboard; name = Base; path = Base.lproj/Main.storyboard; sourceTree = "<group>"; };
		9670FC461C2ABD47003D55D7 /* Assets.xcassets */ = {isa = PBXFileReference; lastKnownFileType = folder.assetcatalog; path = Assets.xcassets; sourceTree = "<group>"; };
		9670FC491C2ABD47003D55D7 /* Base */ = {isa = PBXFileReference; lastKnownFileType = file.storyboard; name = Base; path = Base.lproj/LaunchScreen.storyboard; sourceTree = "<group>"; };
		9670FC4B1C2ABD47003D55D7 /* Info.plist */ = {isa = PBXFileReference; lastKnownFileType = text.plist.xml; path = Info.plist; sourceTree = "<group>"; };
/* End PBXFileReference section */

/* Begin PBXFrameworksBuildPhase section */
		9670FC391C2ABD47003D55D7 /* Frameworks */ = {
			isa = PBXFrameworksBuildPhase;
			buildActionMask = 2147483647;
			files = (
			);
			runOnlyForDeploymentPostprocessing = 0;
		};
/* End PBXFrameworksBuildPhase section */

/* Begin PBXGroup section */
		9670FC331C2ABD47003D55D7 = {
			isa = PBXGroup;
			children = (
				9670FC3E1C2ABD47003D55D7 /* Project15 */,
				9670FC3D1C2ABD47003D55D7 /* Products */,
			);
			sourceTree = "<group>";
		};
		9670FC3D1C2ABD47003D55D7 /* Products */ = {
			isa = PBXGroup;
			children = (
				9670FC3C1C2ABD47003D55D7 /* Project15.app */,
			);
			name = Products;
			sourceTree = "<group>";
		};
		9670FC3E1C2ABD47003D55D7 /* Project15 */ = {
			isa = PBXGroup;
			children = (
				9670FC3F1C2ABD47003D55D7 /* AppDelegate.swift */,
				9670FC411C2ABD47003D55D7 /* ViewController.swift */,
				9670FC431C2ABD47003D55D7 /* Main.storyboard */,
				9670FC461C2ABD47003D55D7 /* Assets.xcassets */,
				9670FC481C2ABD47003D55D7 /* LaunchScreen.storyboard */,
				9670FC4B1C2ABD47003D55D7 /* Info.plist */,
			);
			path = Project15;
			sourceTree = "<group>";
		};
/* End PBXGroup section */

/* Begin PBXNativeTarget section */
		9670FC3B1C2ABD47003D55D7 /* Project15 */ = {
			isa = PBXNativeTarget;
			buildConfigurationList = 9670FC4E1C2ABD47003D55D7 /* Build configuration list for PBXNativeTarget "Project15" */;
			buildPhases = (
				9670FC381C2ABD47003D55D7 /* Sources */,
				9670FC391C2ABD47003D55D7 /* Frameworks */,
				9670FC3A1C2ABD47003D55D7 /* Resources */,
			);
			buildRules = (
			);
			dependencies = (
			);
			name = Project15;
			productName = Project15;
			productReference = 9670FC3C1C2ABD47003D55D7 /* Project15.app */;
			productType = "com.apple.product-type.application";
		};
/* End PBXNativeTarget section */

/* Begin PBXProject section */
		9670FC341C2ABD47003D55D7 /* Project object */ = {
			isa = PBXProject;
			attributes = {
				LastSwiftUpdateCheck = 0720;
				LastUpgradeCheck = 0720;
				ORGANIZATIONNAME = "Jim Veneskey";
				TargetAttributes = {
					9670FC3B1C2ABD47003D55D7 = {
						CreatedOnToolsVersion = 7.2;
					};
				};
			};
			buildConfigurationList = 9670FC371C2ABD47003D55D7 /* Build configuration list for PBXProject "Project15" */;
			compatibilityVersion = "Xcode 3.2";
			developmentRegion = English;
			hasScannedForEncodings = 0;
			knownRegions = (
				en,
				Base,
			);
			mainGroup = 9670FC331C2ABD47003D55D7;
			productRefGroup = 9670FC3D1C2ABD47003D55D7 /* Products */;
			projectDirPath = "";
			projectRoot = "";
			targets = (
				9670FC3B1C2ABD47003D55D7 /* Project15 */,
			);
		};
/* End PBXProject section */

/* Begin PBXResourcesBuildPhase section */
		9670FC3A1C2ABD47003D55D7 /* Resources */ = {
			isa = PBXResourcesBuildPhase;
			buildActionMask = 2147483647;
			files = (
				9670FC4A1C2ABD47003D55D7 /* LaunchScreen.storyboard in Resources */,
				9670FC471C2ABD47003D55D7 /* Assets.xcassets in Resources */,
				9670FC451C2ABD47003D55D7 /* Main.storyboard in Resources */,
			);
			runOnlyForDeploymentPostprocessing = 0;
		};
/* End PBXResourcesBuildPhase section */

/* Begin PBXSourcesBuildPhase section */
		9670FC381C2ABD47003D55D7 /* Sources */ = {
			isa = PBXSourcesBuildPhase;
			buildActionMask = 2147483647;
			files = (
				9670FC421C2ABD47003D55D7 /* ViewController.swift in Sources */,
				9670FC401C2ABD47003D55D7 /* AppDelegate.swift in Sources */,
			);
			runOnlyForDeploymentPostprocessing = 0;
		};
/* End PBXSourcesBuildPhase section */

/* Begin PBXVariantGroup section */
		9670FC431C2ABD47003D55D7 /* Main.storyboard */ = {
			isa = PBXVariantGroup;
			children = (
				9670FC441C2ABD47003D55D7 /* Base */,
			);
			name = Main.storyboard;
			sourceTree = "<group>";
		};
		9670FC481C2ABD47003D55D7 /* LaunchScreen.storyboard */ = {
			isa = PBXVariantGroup;
			children = (
				9670FC491C2ABD47003D55D7 /* Base */,
			);
			name = LaunchScreen.storyboard;
			sourceTree = "<group>";
		};
/* End PBXVariantGroup section */

/* Begin XCBuildConfiguration section */
		9670FC4C1C2ABD47003D55D7 /* Debug */ = {
			isa = XCBuildConfiguration;
			buildSettings = {
				ALWAYS_SEARCH_USER_PATHS = NO;
				CLANG_CXX_LANGUAGE_STANDARD = "gnu++0x";
				CLANG_CXX_LIBRARY = "libc++";
				CLANG_ENABLE_MODULES = YES;
				CLANG_ENABLE_OBJC_ARC = YES;
				CLANG_WARN_BOOL_CONVERSION = YES;
				CLANG_WARN_CONSTANT_CONVERSION = YES;
				CLANG_WARN_DIRECT_OBJC_ISA_USAGE = YES_ERROR;
				CLANG_WARN_EMPTY_BODY = YES;
				CLANG_WARN_ENUM_CONVERSION = YES;
				CLANG_WARN_INT_CONVERSION = YES;
				CLANG_WARN_OBJC_ROOT_CLASS = YES_ERROR;
				CLANG_WARN_UNREACHABLE_CODE = YES;
				CLANG_WARN__DUPLICATE_METHOD_MATCH = YES;
				"CODE_SIGN_IDENTITY[sdk=iphoneos*]" = "iPhone Developer";
				COPY_PHASE_STRIP = NO;
				DEBUG_INFORMATION_FORMAT = dwarf;
				ENABLE_STRICT_OBJC_MSGSEND = YES;
				ENABLE_TESTABILITY = YES;
				GCC_C_LANGUAGE_STANDARD = gnu99;
				GCC_DYNAMIC_NO_PIC = NO;
				GCC_NO_COMMON_BLOCKS = YES;
				GCC_OPTIMIZATION_LEVEL = 0;
				GCC_PREPROCESSOR_DEFINITIONS = (
					"DEBUG=1",
					"$(inherited)",
				);
				GCC_WARN_64_TO_32_BIT_CONVERSION = YES;
				GCC_WARN_ABOUT_RETURN_TYPE = YES_ERROR;
				GCC_WARN_UNDECLARED_SELECTOR = YES;
				GCC_WARN_UNINITIALIZED_AUTOS = YES_AGGRESSIVE;
				GCC_WARN_UNUSED_FUNCTION = YES;
				GCC_WARN_UNUSED_VARIABLE = YES;
				IPHONEOS_DEPLOYMENT_TARGET = 9.2;
				MTL_ENABLE_DEBUG_INFO = YES;
				ONLY_ACTIVE_ARCH = YES;
				SDKROOT = iphoneos;
				SWIFT_OPTIMIZATION_LEVEL = "-Onone";
				TARGETED_DEVICE_FAMILY = 2;
			};
			name = Debug;
		};
		9670FC4D1C2ABD47003D55D7 /* Release */ = {
			isa = XCBuildConfiguration;
			buildSettings = {
				ALWAYS_SEARCH_USER_PATHS = NO;
				CLANG_CXX_LANGUAGE_STANDARD = "gnu++0x";
				CLANG_CXX_LIBRARY = "libc++";
				CLANG_ENABLE_MODULES = YES;
				CLANG_ENABLE_OBJC_ARC = YES;
				CLANG_WARN_BOOL_CONVERSION = YES;
				CLANG_WARN_CONSTANT_CONVERSION = YES;
				CLANG_WARN_DIRECT_OBJC_ISA_USAGE = YES_ERROR;
				CLANG_WARN_EMPTY_BODY = YES;
				CLANG_WARN_ENUM_CONVERSION = YES;
				CLANG_WARN_INT_CONVERSION = YES;
				CLANG_WARN_OBJC_ROOT_CLASS = YES_ERROR;
				CLANG_WARN_UNREACHABLE_CODE = YES;
				CLANG_WARN__DUPLICATE_METHOD_MATCH = YES;
				"CODE_SIGN_IDENTITY[sdk=iphoneos*]" = "iPhone Developer";
				COPY_PHASE_STRIP = NO;
				DEBUG_INFORMATION_FORMAT = "dwarf-with-dsym";
				ENABLE_NS_ASSERTIONS = NO;
				ENABLE_STRICT_OBJC_MSGSEND = YES;
				GCC_C_LANGUAGE_STANDARD = gnu99;
				GCC_NO_COMMON_BLOCKS = YES;
				GCC_WARN_64_TO_32_BIT_CONVERSION = YES;
				GCC_WARN_ABOUT_RETURN_TYPE = YES_ERROR;
				GCC_WARN_UNDECLARED_SELECTOR = YES;
				GCC_WARN_UNINITIALIZED_AUTOS = YES_AGGRESSIVE;
				GCC_WARN_UNUSED_FUNCTION = YES;
				GCC_WARN_UNUSED_VARIABLE = YES;
				IPHONEOS_DEPLOYMENT_TARGET = 9.2;
				MTL_ENABLE_DEBUG_INFO = NO;
				SDKROOT = iphoneos;
				TARGETED_DEVICE_FAMILY = 2;
				VALIDATE_PRODUCT = YES;
			};
			name = Release;
		};
		9670FC4F1C2ABD47003D55D7 /* Debug */ = {
			isa = XCBuildConfiguration;
			buildSettings = {
				ASSETCATALOG_COMPILER_APPICON_NAME = AppIcon;
				INFOPLIST_FILE = Project15/Info.plist;
				LD_RUNPATH_SEARCH_PATHS = "$(inherited) @executable_path/Frameworks";
				PRODUCT_BUNDLE_IDENTIFIER = com.strifecrafter.Project15;
				PRODUCT_NAME = "$(TARGET_NAME)";
			};
			name = Debug;
		};
		9670FC501C2ABD47003D55D7 /* Release */ = {
			isa = XCBuildConfiguration;
			buildSettings = {
				ASSETCATALOG_COMPILER_APPICON_NAME = AppIcon;
				INFOPLIST_FILE = Project15/Info.plist;
				LD_RUNPATH_SEARCH_PATHS = "$(inherited) @executable_path/Frameworks";
				PRODUCT_BUNDLE_IDENTIFIER = com.strifecrafter.Project15;
				PRODUCT_NAME = "$(TARGET_NAME)";
			};
			name = Release;
		};
/* End XCBuildConfiguration section */

/* Begin XCConfigurationList section */
		9670FC371C2ABD47003D55D7 /* Build configuration list for PBXProject "Project15" */ = {
			isa = XCConfigurationList;
			buildConfigurations = (
				9670FC4C1C2ABD47003D55D7 /* Debug */,
				9670FC4D1C2ABD47003D55D7 /* Release */,
			);
			defaultConfigurationIsVisible = 0;
			defaultConfigurationName = Release;
		};
		9670FC4E1C2ABD47003D55D7 /* Build configuration list for PBXNativeTarget "Project15" */ = {
			isa = XCConfigurationList;
			buildConfigurations = (
				9670FC4F1C2ABD47003D55D7 /* Debug */,
				9670FC501C2ABD47003D55D7 /* Release */,
			);
			defaultConfigurationIsVisible = 0;
		};
/* End XCConfigurationList section */
	};
	rootObject = 9670FC341C2ABD47003D55D7 /* Project object */;
}
